// !$*UTF8*$!
{
	archiveVersion = 1;
	classes = {
	};
	objectVersion = 56;
	objects = {

/* Begin PBXBuildFile section */
		571205482A6481D200096286 /* landmarkData.json in Resources */ = {isa = PBXBuildFile; fileRef = 571205472A6481D200096286 /* landmarkData.json */; };
		5712054A2A6481F600096286 /* Landmark.swift in Sources */ = {isa = PBXBuildFile; fileRef = 571205492A6481F600096286 /* Landmark.swift */; };
		5712054E2A64848300096286 /* ModelData.swift in Sources */ = {isa = PBXBuildFile; fileRef = 5712054D2A64848300096286 /* ModelData.swift */; };
		5715DA022A67F4AA0065534E /* FavoriteButton.swift in Sources */ = {isa = PBXBuildFile; fileRef = 5715DA012A67F4AA0065534E /* FavoriteButton.swift */; };
		5715DA062A6942790065534E /* HexagonParameters.swift in Sources */ = {isa = PBXBuildFile; fileRef = 5715DA052A6942790065534E /* HexagonParameters.swift */; };
		5715DA082A6943E00065534E /* BadgeBackground.swift in Sources */ = {isa = PBXBuildFile; fileRef = 5715DA072A6943E00065534E /* BadgeBackground.swift */; };
		5715DA0A2A6948BC0065534E /* BadgeSymbol.swift in Sources */ = {isa = PBXBuildFile; fileRef = 5715DA092A6948BC0065534E /* BadgeSymbol.swift */; };
		5715DA0C2A694BFB0065534E /* RotatedBadgeSymbol.swift in Sources */ = {isa = PBXBuildFile; fileRef = 5715DA0B2A694BFB0065534E /* RotatedBadgeSymbol.swift */; };
		5715DA0F2A694CA40065534E /* Badge.swift in Sources */ = {isa = PBXBuildFile; fileRef = 5715DA0E2A694CA40065534E /* Badge.swift */; };
		5715DA132A6956EE0065534E /* hikeData.json in Resources */ = {isa = PBXBuildFile; fileRef = 5715DA122A6956C50065534E /* hikeData.json */; };
		5715DA152A6957180065534E /* Hike.swift in Sources */ = {isa = PBXBuildFile; fileRef = 5715DA142A6957180065534E /* Hike.swift */; };
		576339502A6C4C8B0088078F /* GraphCapsule.swift in Sources */ = {isa = PBXBuildFile; fileRef = 5763394C2A6C4C8B0088078F /* GraphCapsule.swift */; };
		576339512A6C4C8B0088078F /* HikeGraph.swift in Sources */ = {isa = PBXBuildFile; fileRef = 5763394D2A6C4C8B0088078F /* HikeGraph.swift */; };
		576339522A6C4C8B0088078F /* HikeDetail.swift in Sources */ = {isa = PBXBuildFile; fileRef = 5763394E2A6C4C8B0088078F /* HikeDetail.swift */; };
		576339532A6C4C8B0088078F /* HikeView.swift in Sources */ = {isa = PBXBuildFile; fileRef = 5763394F2A6C4C8B0088078F /* HikeView.swift */; };
		578824222A64C67200F8D6D1 /* LandmardRow.swift in Sources */ = {isa = PBXBuildFile; fileRef = 578824212A64C67200F8D6D1 /* LandmardRow.swift */; };
		578824242A64CB6200F8D6D1 /* landmarkList.swift in Sources */ = {isa = PBXBuildFile; fileRef = 578824232A64CB6200F8D6D1 /* landmarkList.swift */; };
		578824262A64CF7F00F8D6D1 /* LandmarkDetail.swift in Sources */ = {isa = PBXBuildFile; fileRef = 578824252A64CF7F00F8D6D1 /* LandmarkDetail.swift */; };
		579196BD2A6F6837004E98C5 /* CategoryHome.swift in Sources */ = {isa = PBXBuildFile; fileRef = 579196BC2A6F6837004E98C5 /* CategoryHome.swift */; };
		579196BF2A70A599004E98C5 /* CategoryRow.swift in Sources */ = {isa = PBXBuildFile; fileRef = 579196BE2A70A599004E98C5 /* CategoryRow.swift */; };
		579196C12A70A786004E98C5 /* CategoryItem.swift in Sources */ = {isa = PBXBuildFile; fileRef = 579196C02A70A786004E98C5 /* CategoryItem.swift */; };
		57E22F8C2A10574700DBA62C /* LandmarksApp.swift in Sources */ = {isa = PBXBuildFile; fileRef = 57E22F8B2A10574700DBA62C /* LandmarksApp.swift */; };
		57E22F8E2A10574700DBA62C /* ContentView.swift in Sources */ = {isa = PBXBuildFile; fileRef = 57E22F8D2A10574700DBA62C /* ContentView.swift */; };
		57E22F902A10574800DBA62C /* Assets.xcassets in Resources */ = {isa = PBXBuildFile; fileRef = 57E22F8F2A10574800DBA62C /* Assets.xcassets */; };
		57E22F932A10574800DBA62C /* Preview Assets.xcassets in Resources */ = {isa = PBXBuildFile; fileRef = 57E22F922A10574800DBA62C /* Preview Assets.xcassets */; };
		57E22F9D2A10574800DBA62C /* LandmarksTests.swift in Sources */ = {isa = PBXBuildFile; fileRef = 57E22F9C2A10574800DBA62C /* LandmarksTests.swift */; };
		57E22FA72A10574800DBA62C /* LandmarksUITests.swift in Sources */ = {isa = PBXBuildFile; fileRef = 57E22FA62A10574800DBA62C /* LandmarksUITests.swift */; };
		57E22FA92A10574800DBA62C /* LandmarksUITestsLaunchTests.swift in Sources */ = {isa = PBXBuildFile; fileRef = 57E22FA82A10574800DBA62C /* LandmarksUITestsLaunchTests.swift */; };
		57E22FB62A10616300DBA62C /* CircleImg.swift in Sources */ = {isa = PBXBuildFile; fileRef = 57E22FB52A10616300DBA62C /* CircleImg.swift */; };
		57E22FB82A10638A00DBA62C /* MapView.swift in Sources */ = {isa = PBXBuildFile; fileRef = 57E22FB72A10638A00DBA62C /* MapView.swift */; };
/* End PBXBuildFile section */

/* Begin PBXContainerItemProxy section */
		57E22F992A10574800DBA62C /* PBXContainerItemProxy */ = {
			isa = PBXContainerItemProxy;
			containerPortal = 57E22F802A10574700DBA62C /* Project object */;
			proxyType = 1;
			remoteGlobalIDString = 57E22F872A10574700DBA62C;
			remoteInfo = Landmarks;
		};
		57E22FA32A10574800DBA62C /* PBXContainerItemProxy */ = {
			isa = PBXContainerItemProxy;
			containerPortal = 57E22F802A10574700DBA62C /* Project object */;
			proxyType = 1;
			remoteGlobalIDString = 57E22F872A10574700DBA62C;
			remoteInfo = Landmarks;
		};
/* End PBXContainerItemProxy section */

/* Begin PBXFileReference section */
		571205472A6481D200096286 /* landmarkData.json */ = {isa = PBXFileReference; fileEncoding = 4; lastKnownFileType = text.json; path = landmarkData.json; sourceTree = "<group>"; };
		571205492A6481F600096286 /* Landmark.swift */ = {isa = PBXFileReference; lastKnownFileType = sourcecode.swift; path = Landmark.swift; sourceTree = "<group>"; };
		5712054D2A64848300096286 /* ModelData.swift */ = {isa = PBXFileReference; lastKnownFileType = sourcecode.swift; path = ModelData.swift; sourceTree = "<group>"; };
		5715DA012A67F4AA0065534E /* FavoriteButton.swift */ = {isa = PBXFileReference; lastKnownFileType = sourcecode.swift; path = FavoriteButton.swift; sourceTree = "<group>"; };
		5715DA052A6942790065534E /* HexagonParameters.swift */ = {isa = PBXFileReference; lastKnownFileType = sourcecode.swift; path = HexagonParameters.swift; sourceTree = "<group>"; };
		5715DA072A6943E00065534E /* BadgeBackground.swift */ = {isa = PBXFileReference; lastKnownFileType = sourcecode.swift; path = BadgeBackground.swift; sourceTree = "<group>"; };
		5715DA092A6948BC0065534E /* BadgeSymbol.swift */ = {isa = PBXFileReference; lastKnownFileType = sourcecode.swift; path = BadgeSymbol.swift; sourceTree = "<group>"; };
		5715DA0B2A694BFB0065534E /* RotatedBadgeSymbol.swift */ = {isa = PBXFileReference; lastKnownFileType = sourcecode.swift; path = RotatedBadgeSymbol.swift; sourceTree = "<group>"; };
		5715DA0E2A694CA40065534E /* Badge.swift */ = {isa = PBXFileReference; lastKnownFileType = sourcecode.swift; path = Badge.swift; sourceTree = "<group>"; };
		5715DA122A6956C50065534E /* hikeData.json */ = {isa = PBXFileReference; lastKnownFileType = text.json; path = hikeData.json; sourceTree = "<group>"; };
		5715DA142A6957180065534E /* Hike.swift */ = {isa = PBXFileReference; lastKnownFileType = sourcecode.swift; path = Hike.swift; sourceTree = "<group>"; };
		5763394C2A6C4C8B0088078F /* GraphCapsule.swift */ = {isa = PBXFileReference; fileEncoding = 4; lastKnownFileType = sourcecode.swift; path = GraphCapsule.swift; sourceTree = "<group>"; };
		5763394D2A6C4C8B0088078F /* HikeGraph.swift */ = {isa = PBXFileReference; fileEncoding = 4; lastKnownFileType = sourcecode.swift; path = HikeGraph.swift; sourceTree = "<group>"; };
		5763394E2A6C4C8B0088078F /* HikeDetail.swift */ = {isa = PBXFileReference; fileEncoding = 4; lastKnownFileType = sourcecode.swift; path = HikeDetail.swift; sourceTree = "<group>"; };
		5763394F2A6C4C8B0088078F /* HikeView.swift */ = {isa = PBXFileReference; fileEncoding = 4; lastKnownFileType = sourcecode.swift; path = HikeView.swift; sourceTree = "<group>"; };
		578824212A64C67200F8D6D1 /* LandmardRow.swift */ = {isa = PBXFileReference; lastKnownFileType = sourcecode.swift; path = LandmardRow.swift; sourceTree = "<group>"; };
		578824232A64CB6200F8D6D1 /* landmarkList.swift */ = {isa = PBXFileReference; lastKnownFileType = sourcecode.swift; path = landmarkList.swift; sourceTree = "<group>"; };
		578824252A64CF7F00F8D6D1 /* LandmarkDetail.swift */ = {isa = PBXFileReference; lastKnownFileType = sourcecode.swift; path = LandmarkDetail.swift; sourceTree = "<group>"; };
		579196BC2A6F6837004E98C5 /* CategoryHome.swift */ = {isa = PBXFileReference; lastKnownFileType = sourcecode.swift; path = CategoryHome.swift; sourceTree = "<group>"; };
		579196BE2A70A599004E98C5 /* CategoryRow.swift */ = {isa = PBXFileReference; lastKnownFileType = sourcecode.swift; path = CategoryRow.swift; sourceTree = "<group>"; };
		579196C02A70A786004E98C5 /* CategoryItem.swift */ = {isa = PBXFileReference; lastKnownFileType = sourcecode.swift; path = CategoryItem.swift; sourceTree = "<group>"; };
		57E22F882A10574700DBA62C /* Landmarks.app */ = {isa = PBXFileReference; explicitFileType = wrapper.application; includeInIndex = 0; path = Landmarks.app; sourceTree = BUILT_PRODUCTS_DIR; };
		57E22F8B2A10574700DBA62C /* LandmarksApp.swift */ = {isa = PBXFileReference; lastKnownFileType = sourcecode.swift; path = LandmarksApp.swift; sourceTree = "<group>"; };
		57E22F8D2A10574700DBA62C /* ContentView.swift */ = {isa = PBXFileReference; lastKnownFileType = sourcecode.swift; path = ContentView.swift; sourceTree = "<group>"; };
		57E22F8F2A10574800DBA62C /* Assets.xcassets */ = {isa = PBXFileReference; lastKnownFileType = folder.assetcatalog; path = Assets.xcassets; sourceTree = "<group>"; };
		57E22F922A10574800DBA62C /* Preview Assets.xcassets */ = {isa = PBXFileReference; lastKnownFileType = folder.assetcatalog; path = "Preview Assets.xcassets"; sourceTree = "<group>"; };
		57E22F982A10574800DBA62C /* LandmarksTests.xctest */ = {isa = PBXFileReference; explicitFileType = wrapper.cfbundle; includeInIndex = 0; path = LandmarksTests.xctest; sourceTree = BUILT_PRODUCTS_DIR; };
		57E22F9C2A10574800DBA62C /* LandmarksTests.swift */ = {isa = PBXFileReference; lastKnownFileType = sourcecode.swift; path = LandmarksTests.swift; sourceTree = "<group>"; };
		57E22FA22A10574800DBA62C /* LandmarksUITests.xctest */ = {isa = PBXFileReference; explicitFileType = wrapper.cfbundle; includeInIndex = 0; path = LandmarksUITests.xctest; sourceTree = BUILT_PRODUCTS_DIR; };
		57E22FA62A10574800DBA62C /* LandmarksUITests.swift */ = {isa = PBXFileReference; lastKnownFileType = sourcecode.swift; path = LandmarksUITests.swift; sourceTree = "<group>"; };
		57E22FA82A10574800DBA62C /* LandmarksUITestsLaunchTests.swift */ = {isa = PBXFileReference; lastKnownFileType = sourcecode.swift; path = LandmarksUITestsLaunchTests.swift; sourceTree = "<group>"; };
		57E22FB52A10616300DBA62C /* CircleImg.swift */ = {isa = PBXFileReference; lastKnownFileType = sourcecode.swift; path = CircleImg.swift; sourceTree = "<group>"; };
		57E22FB72A10638A00DBA62C /* MapView.swift */ = {isa = PBXFileReference; lastKnownFileType = sourcecode.swift; path = MapView.swift; sourceTree = "<group>"; };
/* End PBXFileReference section */

/* Begin PBXFrameworksBuildPhase section */
		57E22F852A10574700DBA62C /* Frameworks */ = {
			isa = PBXFrameworksBuildPhase;
			buildActionMask = 2147483647;
			files = (
			);
			runOnlyForDeploymentPostprocessing = 0;
		};
		57E22F952A10574800DBA62C /* Frameworks */ = {
			isa = PBXFrameworksBuildPhase;
			buildActionMask = 2147483647;
			files = (
			);
			runOnlyForDeploymentPostprocessing = 0;
		};
		57E22F9F2A10574800DBA62C /* Frameworks */ = {
			isa = PBXFrameworksBuildPhase;
			buildActionMask = 2147483647;
			files = (
			);
			runOnlyForDeploymentPostprocessing = 0;
		};
/* End PBXFrameworksBuildPhase section */

/* Begin PBXGroup section */
		5712054F2A6489F000096286 /* Views */ = {
			isa = PBXGroup;
			children = (
				5763394B2A6C4C8B0088078F /* Hikes */,
				5715DA0D2A694C8E0065534E /* Badge */,
				5715DA042A68001E0065534E /* Helper */,
				5715DA032A6800130065534E /* Landmarks */,
				57E22F8D2A10574700DBA62C /* ContentView.swift */,
			);
			path = Views;
			sourceTree = "<group>";
		};
		571205502A648A0600096286 /* Model */ = {
			isa = PBXGroup;
			children = (
				571205492A6481F600096286 /* Landmark.swift */,
				5712054D2A64848300096286 /* ModelData.swift */,
				5715DA142A6957180065534E /* Hike.swift */,
			);
			path = Model;
			sourceTree = "<group>";
		};
		571205512A648A3F00096286 /* Resources */ = {
			isa = PBXGroup;
			children = (
				5715DA122A6956C50065534E /* hikeData.json */,
				571205472A6481D200096286 /* landmarkData.json */,
			);
			path = Resources;
			sourceTree = "<group>";
		};
		5715DA032A6800130065534E /* Landmarks */ = {
			isa = PBXGroup;
			children = (
				578824212A64C67200F8D6D1 /* LandmardRow.swift */,
				578824232A64CB6200F8D6D1 /* landmarkList.swift */,
				578824252A64CF7F00F8D6D1 /* LandmarkDetail.swift */,
			);
			path = Landmarks;
			sourceTree = "<group>";
		};
		5715DA042A68001E0065534E /* Helper */ = {
			isa = PBXGroup;
			children = (
				57E22FB72A10638A00DBA62C /* MapView.swift */,
				57E22FB52A10616300DBA62C /* CircleImg.swift */,
				5715DA012A67F4AA0065534E /* FavoriteButton.swift */,
			);
			path = Helper;
			sourceTree = "<group>";
		};
		5715DA0D2A694C8E0065534E /* Badge */ = {
			isa = PBXGroup;
			children = (
				5715DA052A6942790065534E /* HexagonParameters.swift */,
				5715DA072A6943E00065534E /* BadgeBackground.swift */,
				5715DA092A6948BC0065534E /* BadgeSymbol.swift */,
				5715DA0B2A694BFB0065534E /* RotatedBadgeSymbol.swift */,
				5715DA0E2A694CA40065534E /* Badge.swift */,
			);
			path = Badge;
			sourceTree = "<group>";
		};
		5763394B2A6C4C8B0088078F /* Hikes */ = {
			isa = PBXGroup;
			children = (
				5763394C2A6C4C8B0088078F /* GraphCapsule.swift */,
				5763394D2A6C4C8B0088078F /* HikeGraph.swift */,
				5763394E2A6C4C8B0088078F /* HikeDetail.swift */,
				5763394F2A6C4C8B0088078F /* HikeView.swift */,
			);
			path = Hikes;
			sourceTree = "<group>";
		};
		579196BB2A6F6825004E98C5 /* Categories */ = {
			isa = PBXGroup;
			children = (
				579196BC2A6F6837004E98C5 /* CategoryHome.swift */,
				579196BE2A70A599004E98C5 /* CategoryRow.swift */,
				579196C02A70A786004E98C5 /* CategoryItem.swift */,
			);
			path = Categories;
			sourceTree = "<group>";
		};
		57E22F7F2A10574700DBA62C = {
			isa = PBXGroup;
			children = (
				57E22F8A2A10574700DBA62C /* Landmarks */,
				57E22F9B2A10574800DBA62C /* LandmarksTests */,
				57E22FA52A10574800DBA62C /* LandmarksUITests */,
				57E22F892A10574700DBA62C /* Products */,
			);
			sourceTree = "<group>";
		};
		57E22F892A10574700DBA62C /* Products */ = {
			isa = PBXGroup;
			children = (
				57E22F882A10574700DBA62C /* Landmarks.app */,
				57E22F982A10574800DBA62C /* LandmarksTests.xctest */,
				57E22FA22A10574800DBA62C /* LandmarksUITests.xctest */,
			);
			name = Products;
			sourceTree = "<group>";
		};
		57E22F8A2A10574700DBA62C /* Landmarks */ = {
			isa = PBXGroup;
			children = (
				579196BB2A6F6825004E98C5 /* Categories */,
				57E22F912A10574800DBA62C /* Preview Content */,
				571205512A648A3F00096286 /* Resources */,
				571205502A648A0600096286 /* Model */,
				5712054F2A6489F000096286 /* Views */,
				57E22F8B2A10574700DBA62C /* LandmarksApp.swift */,
				57E22F8F2A10574800DBA62C /* Assets.xcassets */,
			);
			path = Landmarks;
			sourceTree = "<group>";
		};
		57E22F912A10574800DBA62C /* Preview Content */ = {
			isa = PBXGroup;
			children = (
				57E22F922A10574800DBA62C /* Preview Assets.xcassets */,
			);
			path = "Preview Content";
			sourceTree = "<group>";
		};
		57E22F9B2A10574800DBA62C /* LandmarksTests */ = {
			isa = PBXGroup;
			children = (
				57E22F9C2A10574800DBA62C /* LandmarksTests.swift */,
			);
			path = LandmarksTests;
			sourceTree = "<group>";
		};
		57E22FA52A10574800DBA62C /* LandmarksUITests */ = {
			isa = PBXGroup;
			children = (
				57E22FA62A10574800DBA62C /* LandmarksUITests.swift */,
				57E22FA82A10574800DBA62C /* LandmarksUITestsLaunchTests.swift */,
			);
			path = LandmarksUITests;
			sourceTree = "<group>";
		};
/* End PBXGroup section */

/* Begin PBXNativeTarget section */
		57E22F872A10574700DBA62C /* Landmarks */ = {
			isa = PBXNativeTarget;
			buildConfigurationList = 57E22FAC2A10574800DBA62C /* Build configuration list for PBXNativeTarget "Landmarks" */;
			buildPhases = (
				57E22F842A10574700DBA62C /* Sources */,
				57E22F852A10574700DBA62C /* Frameworks */,
				57E22F862A10574700DBA62C /* Resources */,
			);
			buildRules = (
			);
			dependencies = (
			);
			name = Landmarks;
			productName = Landmarks;
			productReference = 57E22F882A10574700DBA62C /* Landmarks.app */;
			productType = "com.apple.product-type.application";
		};
		57E22F972A10574800DBA62C /* LandmarksTests */ = {
			isa = PBXNativeTarget;
			buildConfigurationList = 57E22FAF2A10574800DBA62C /* Build configuration list for PBXNativeTarget "LandmarksTests" */;
			buildPhases = (
				57E22F942A10574800DBA62C /* Sources */,
				57E22F952A10574800DBA62C /* Frameworks */,
				57E22F962A10574800DBA62C /* Resources */,
			);
			buildRules = (
			);
			dependencies = (
				57E22F9A2A10574800DBA62C /* PBXTargetDependency */,
			);
			name = LandmarksTests;
			productName = LandmarksTests;
			productReference = 57E22F982A10574800DBA62C /* LandmarksTests.xctest */;
			productType = "com.apple.product-type.bundle.unit-test";
		};
		57E22FA12A10574800DBA62C /* LandmarksUITests */ = {
			isa = PBXNativeTarget;
			buildConfigurationList = 57E22FB22A10574800DBA62C /* Build configuration list for PBXNativeTarget "LandmarksUITests" */;
			buildPhases = (
				57E22F9E2A10574800DBA62C /* Sources */,
				57E22F9F2A10574800DBA62C /* Frameworks */,
				57E22FA02A10574800DBA62C /* Resources */,
			);
			buildRules = (
			);
			dependencies = (
				57E22FA42A10574800DBA62C /* PBXTargetDependency */,
			);
			name = LandmarksUITests;
			productName = LandmarksUITests;
			productReference = 57E22FA22A10574800DBA62C /* LandmarksUITests.xctest */;
			productType = "com.apple.product-type.bundle.ui-testing";
		};
/* End PBXNativeTarget section */

/* Begin PBXProject section */
		57E22F802A10574700DBA62C /* Project object */ = {
			isa = PBXProject;
			attributes = {
				BuildIndependentTargetsInParallel = 1;
				LastSwiftUpdateCheck = 1430;
				LastUpgradeCheck = 1430;
				TargetAttributes = {
					57E22F872A10574700DBA62C = {
						CreatedOnToolsVersion = 14.3;
					};
					57E22F972A10574800DBA62C = {
						CreatedOnToolsVersion = 14.3;
						TestTargetID = 57E22F872A10574700DBA62C;
					};
					57E22FA12A10574800DBA62C = {
						CreatedOnToolsVersion = 14.3;
						TestTargetID = 57E22F872A10574700DBA62C;
					};
				};
			};
			buildConfigurationList = 57E22F832A10574700DBA62C /* Build configuration list for PBXProject "Landmarks" */;
			compatibilityVersion = "Xcode 14.0";
			developmentRegion = en;
			hasScannedForEncodings = 0;
			knownRegions = (
				en,
				Base,
			);
			mainGroup = 57E22F7F2A10574700DBA62C;
			productRefGroup = 57E22F892A10574700DBA62C /* Products */;
			projectDirPath = "";
			projectRoot = "";
			targets = (
				57E22F872A10574700DBA62C /* Landmarks */,
				57E22F972A10574800DBA62C /* LandmarksTests */,
				57E22FA12A10574800DBA62C /* LandmarksUITests */,
			);
		};
/* End PBXProject section */

/* Begin PBXResourcesBuildPhase section */
		57E22F862A10574700DBA62C /* Resources */ = {
			isa = PBXResourcesBuildPhase;
			buildActionMask = 2147483647;
			files = (
				5715DA132A6956EE0065534E /* hikeData.json in Resources */,
				57E22F932A10574800DBA62C /* Preview Assets.xcassets in Resources */,
				57E22F902A10574800DBA62C /* Assets.xcassets in Resources */,
				571205482A6481D200096286 /* landmarkData.json in Resources */,
			);
			runOnlyForDeploymentPostprocessing = 0;
		};
		57E22F962A10574800DBA62C /* Resources */ = {
			isa = PBXResourcesBuildPhase;
			buildActionMask = 2147483647;
			files = (
			);
			runOnlyForDeploymentPostprocessing = 0;
		};
		57E22FA02A10574800DBA62C /* Resources */ = {
			isa = PBXResourcesBuildPhase;
			buildActionMask = 2147483647;
			files = (
			);
			runOnlyForDeploymentPostprocessing = 0;
		};
/* End PBXResourcesBuildPhase section */

/* Begin PBXSourcesBuildPhase section */
		57E22F842A10574700DBA62C /* Sources */ = {
			isa = PBXSourcesBuildPhase;
			buildActionMask = 2147483647;
			files = (
				579196BF2A70A599004E98C5 /* CategoryRow.swift in Sources */,
				57E22F8E2A10574700DBA62C /* ContentView.swift in Sources */,
				579196BD2A6F6837004E98C5 /* CategoryHome.swift in Sources */,
				576339512A6C4C8B0088078F /* HikeGraph.swift in Sources */,
				5715DA0F2A694CA40065534E /* Badge.swift in Sources */,
				57E22FB82A10638A00DBA62C /* MapView.swift in Sources */,
				576339502A6C4C8B0088078F /* GraphCapsule.swift in Sources */,
				5715DA0A2A6948BC0065534E /* BadgeSymbol.swift in Sources */,
				57E22F8C2A10574700DBA62C /* LandmarksApp.swift in Sources */,
				579196C12A70A786004E98C5 /* CategoryItem.swift in Sources */,
				576339522A6C4C8B0088078F /* HikeDetail.swift in Sources */,
				5715DA022A67F4AA0065534E /* FavoriteButton.swift in Sources */,
				5715DA152A6957180065534E /* Hike.swift in Sources */,
				5715DA0C2A694BFB0065534E /* RotatedBadgeSymbol.swift in Sources */,
				578824242A64CB6200F8D6D1 /* landmarkList.swift in Sources */,
				578824262A64CF7F00F8D6D1 /* LandmarkDetail.swift in Sources */,
				576339532A6C4C8B0088078F /* HikeView.swift in Sources */,
				578824222A64C67200F8D6D1 /* LandmardRow.swift in Sources */,
				5715DA082A6943E00065534E /* BadgeBackground.swift in Sources */,
				57E22FB62A10616300DBA62C /* CircleImg.swift in Sources */,
				5712054A2A6481F600096286 /* Landmark.swift in Sources */,
				5715DA062A6942790065534E /* HexagonParameters.swift in Sources */,
				5712054E2A64848300096286 /* ModelData.swift in Sources */,
			);
			runOnlyForDeploymentPostprocessing = 0;
		};
		57E22F942A10574800DBA62C /* Sources */ = {
			isa = PBXSourcesBuildPhase;
			buildActionMask = 2147483647;
			files = (
				57E22F9D2A10574800DBA62C /* LandmarksTests.swift in Sources */,
			);
			runOnlyForDeploymentPostprocessing = 0;
		};
		57E22F9E2A10574800DBA62C /* Sources */ = {
			isa = PBXSourcesBuildPhase;
			buildActionMask = 2147483647;
			files = (
				57E22FA92A10574800DBA62C /* LandmarksUITestsLaunchTests.swift in Sources */,
				57E22FA72A10574800DBA62C /* LandmarksUITests.swift in Sources */,
			);
			runOnlyForDeploymentPostprocessing = 0;
		};
/* End PBXSourcesBuildPhase section */

/* Begin PBXTargetDependency section */
		57E22F9A2A10574800DBA62C /* PBXTargetDependency */ = {
			isa = PBXTargetDependency;
			target = 57E22F872A10574700DBA62C /* Landmarks */;
			targetProxy = 57E22F992A10574800DBA62C /* PBXContainerItemProxy */;
		};
		57E22FA42A10574800DBA62C /* PBXTargetDependency */ = {
			isa = PBXTargetDependency;
			target = 57E22F872A10574700DBA62C /* Landmarks */;
			targetProxy = 57E22FA32A10574800DBA62C /* PBXContainerItemProxy */;
		};
/* End PBXTargetDependency section */

/* Begin XCBuildConfiguration section */
		57E22FAA2A10574800DBA62C /* Debug */ = {
			isa = XCBuildConfiguration;
			buildSettings = {
				ALWAYS_SEARCH_USER_PATHS = NO;
				CLANG_ANALYZER_NONNULL = YES;
				CLANG_ANALYZER_NUMBER_OBJECT_CONVERSION = YES_AGGRESSIVE;
				CLANG_CXX_LANGUAGE_STANDARD = "gnu++20";
				CLANG_ENABLE_MODULES = YES;
				CLANG_ENABLE_OBJC_ARC = YES;
				CLANG_ENABLE_OBJC_WEAK = YES;
				CLANG_WARN_BLOCK_CAPTURE_AUTORELEASING = YES;
				CLANG_WARN_BOOL_CONVERSION = YES;
				CLANG_WARN_COMMA = YES;
				CLANG_WARN_CONSTANT_CONVERSION = YES;
				CLANG_WARN_DEPRECATED_OBJC_IMPLEMENTATIONS = YES;
				CLANG_WARN_DIRECT_OBJC_ISA_USAGE = YES_ERROR;
				CLANG_WARN_DOCUMENTATION_COMMENTS = YES;
				CLANG_WARN_EMPTY_BODY = YES;
				CLANG_WARN_ENUM_CONVERSION = YES;
				CLANG_WARN_INFINITE_RECURSION = YES;
				CLANG_WARN_INT_CONVERSION = YES;
				CLANG_WARN_NON_LITERAL_NULL_CONVERSION = YES;
				CLANG_WARN_OBJC_IMPLICIT_RETAIN_SELF = YES;
				CLANG_WARN_OBJC_LITERAL_CONVERSION = YES;
				CLANG_WARN_OBJC_ROOT_CLASS = YES_ERROR;
				CLANG_WARN_QUOTED_INCLUDE_IN_FRAMEWORK_HEADER = YES;
				CLANG_WARN_RANGE_LOOP_ANALYSIS = YES;
				CLANG_WARN_STRICT_PROTOTYPES = YES;
				CLANG_WARN_SUSPICIOUS_MOVE = YES;
				CLANG_WARN_UNGUARDED_AVAILABILITY = YES_AGGRESSIVE;
				CLANG_WARN_UNREACHABLE_CODE = YES;
				CLANG_WARN__DUPLICATE_METHOD_MATCH = YES;
				COPY_PHASE_STRIP = NO;
				DEBUG_INFORMATION_FORMAT = dwarf;
				ENABLE_STRICT_OBJC_MSGSEND = YES;
				ENABLE_TESTABILITY = YES;
				GCC_C_LANGUAGE_STANDARD = gnu11;
				GCC_DYNAMIC_NO_PIC = NO;
				GCC_NO_COMMON_BLOCKS = YES;
				GCC_OPTIMIZATION_LEVEL = 0;
				GCC_PREPROCESSOR_DEFINITIONS = (
					"DEBUG=1",
					"$(inherited)",
				);
				GCC_WARN_64_TO_32_BIT_CONVERSION = YES;
				GCC_WARN_ABOUT_RETURN_TYPE = YES_ERROR;
				GCC_WARN_UNDECLARED_SELECTOR = YES;
				GCC_WARN_UNINITIALIZED_AUTOS = YES_AGGRESSIVE;
				GCC_WARN_UNUSED_FUNCTION = YES;
				GCC_WARN_UNUSED_VARIABLE = YES;
				IPHONEOS_DEPLOYMENT_TARGET = 16.4;
				MTL_ENABLE_DEBUG_INFO = INCLUDE_SOURCE;
				MTL_FAST_MATH = YES;
				ONLY_ACTIVE_ARCH = YES;
				SDKROOT = iphoneos;
				SWIFT_ACTIVE_COMPILATION_CONDITIONS = DEBUG;
				SWIFT_OPTIMIZATION_LEVEL = "-Onone";
			};
			name = Debug;
		};
		57E22FAB2A10574800DBA62C /* Release */ = {
			isa = XCBuildConfiguration;
			buildSettings = {
				ALWAYS_SEARCH_USER_PATHS = NO;
				CLANG_ANALYZER_NONNULL = YES;
				CLANG_ANALYZER_NUMBER_OBJECT_CONVERSION = YES_AGGRESSIVE;
				CLANG_CXX_LANGUAGE_STANDARD = "gnu++20";
				CLANG_ENABLE_MODULES = YES;
				CLANG_ENABLE_OBJC_ARC = YES;
				CLANG_ENABLE_OBJC_WEAK = YES;
				CLANG_WARN_BLOCK_CAPTURE_AUTORELEASING = YES;
				CLANG_WARN_BOOL_CONVERSION = YES;
				CLANG_WARN_COMMA = YES;
				CLANG_WARN_CONSTANT_CONVERSION = YES;
				CLANG_WARN_DEPRECATED_OBJC_IMPLEMENTATIONS = YES;
				CLANG_WARN_DIRECT_OBJC_ISA_USAGE = YES_ERROR;
				CLANG_WARN_DOCUMENTATION_COMMENTS = YES;
				CLANG_WARN_EMPTY_BODY = YES;
				CLANG_WARN_ENUM_CONVERSION = YES;
				CLANG_WARN_INFINITE_RECURSION = YES;
				CLANG_WARN_INT_CONVERSION = YES;
				CLANG_WARN_NON_LITERAL_NULL_CONVERSION = YES;
				CLANG_WARN_OBJC_IMPLICIT_RETAIN_SELF = YES;
				CLANG_WARN_OBJC_LITERAL_CONVERSION = YES;
				CLANG_WARN_OBJC_ROOT_CLASS = YES_ERROR;
				CLANG_WARN_QUOTED_INCLUDE_IN_FRAMEWORK_HEADER = YES;
				CLANG_WARN_RANGE_LOOP_ANALYSIS = YES;
				CLANG_WARN_STRICT_PROTOTYPES = YES;
				CLANG_WARN_SUSPICIOUS_MOVE = YES;
				CLANG_WARN_UNGUARDED_AVAILABILITY = YES_AGGRESSIVE;
				CLANG_WARN_UNREACHABLE_CODE = YES;
				CLANG_WARN__DUPLICATE_METHOD_MATCH = YES;
				COPY_PHASE_STRIP = NO;
				DEBUG_INFORMATION_FORMAT = "dwarf-with-dsym";
				ENABLE_NS_ASSERTIONS = NO;
				ENABLE_STRICT_OBJC_MSGSEND = YES;
				GCC_C_LANGUAGE_STANDARD = gnu11;
				GCC_NO_COMMON_BLOCKS = YES;
				GCC_WARN_64_TO_32_BIT_CONVERSION = YES;
				GCC_WARN_ABOUT_RETURN_TYPE = YES_ERROR;
				GCC_WARN_UNDECLARED_SELECTOR = YES;
				GCC_WARN_UNINITIALIZED_AUTOS = YES_AGGRESSIVE;
				GCC_WARN_UNUSED_FUNCTION = YES;
				GCC_WARN_UNUSED_VARIABLE = YES;
				IPHONEOS_DEPLOYMENT_TARGET = 16.4;
				MTL_ENABLE_DEBUG_INFO = NO;
				MTL_FAST_MATH = YES;
				SDKROOT = iphoneos;
				SWIFT_COMPILATION_MODE = wholemodule;
				SWIFT_OPTIMIZATION_LEVEL = "-O";
				VALIDATE_PRODUCT = YES;
			};
			name = Release;
		};
		57E22FAD2A10574800DBA62C /* Debug */ = {
			isa = XCBuildConfiguration;
			buildSettings = {
				ASSETCATALOG_COMPILER_APPICON_NAME = AppIcon;
				ASSETCATALOG_COMPILER_GLOBAL_ACCENT_COLOR_NAME = AccentColor;
				CODE_SIGN_STYLE = Automatic;
				CURRENT_PROJECT_VERSION = 1;
				DEVELOPMENT_ASSET_PATHS = "\"Landmarks/Preview Content\"";
				DEVELOPMENT_TEAM = 8266S8VZ6D;
				ENABLE_PREVIEWS = YES;
				GENERATE_INFOPLIST_FILE = YES;
				INFOPLIST_KEY_UIApplicationSceneManifest_Generation = YES;
				INFOPLIST_KEY_UIApplicationSupportsIndirectInputEvents = YES;
				INFOPLIST_KEY_UILaunchScreen_Generation = YES;
				INFOPLIST_KEY_UISupportedInterfaceOrientations_iPad = "UIInterfaceOrientationPortrait UIInterfaceOrientationPortraitUpsideDown UIInterfaceOrientationLandscapeLeft UIInterfaceOrientationLandscapeRight";
				INFOPLIST_KEY_UISupportedInterfaceOrientations_iPhone = "UIInterfaceOrientationPortrait UIInterfaceOrientationLandscapeLeft UIInterfaceOrientationLandscapeRight";
				LD_RUNPATH_SEARCH_PATHS = (
					"$(inherited)",
					"@executable_path/Frameworks",
				);
				MARKETING_VERSION = 1.0;
				PRODUCT_BUNDLE_IDENTIFIER = com.chuanyu.Landmarks;
				PRODUCT_NAME = "$(TARGET_NAME)";
				SWIFT_EMIT_LOC_STRINGS = YES;
				SWIFT_VERSION = 5.0;
				TARGETED_DEVICE_FAMILY = "1,2";
			};
			name = Debug;
		};
		57E22FAE2A10574800DBA62C /* Release */ = {
			isa = XCBuildConfiguration;
			buildSettings = {
				ASSETCATALOG_COMPILER_APPICON_NAME = AppIcon;
				ASSETCATALOG_COMPILER_GLOBAL_ACCENT_COLOR_NAME = AccentColor;
				CODE_SIGN_STYLE = Automatic;
				CURRENT_PROJECT_VERSION = 1;
				DEVELOPMENT_ASSET_PATHS = "\"Landmarks/Preview Content\"";
				DEVELOPMENT_TEAM = 8266S8VZ6D;
				ENABLE_PREVIEWS = YES;
				GENERATE_INFOPLIST_FILE = YES;
				INFOPLIST_KEY_UIApplicationSceneManifest_Generation = YES;
				INFOPLIST_KEY_UIApplicationSupportsIndirectInputEvents = YES;
				INFOPLIST_KEY_UILaunchScreen_Generation = YES;
				INFOPLIST_KEY_UISupportedInterfaceOrientations_iPad = "UIInterfaceOrientationPortrait UIInterfaceOrientationPortraitUpsideDown UIInterfaceOrientationLandscapeLeft UIInterfaceOrientationLandscapeRight";
				INFOPLIST_KEY_UISupportedInterfaceOrientations_iPhone = "UIInterfaceOrientationPortrait UIInterfaceOrientationLandscapeLeft UIInterfaceOrientationLandscapeRight";
				LD_RUNPATH_SEARCH_PATHS = (
					"$(inherited)",
					"@executable_path/Frameworks",
				);
				MARKETING_VERSION = 1.0;
				PRODUCT_BUNDLE_IDENTIFIER = com.chuanyu.Landmarks;
				PRODUCT_NAME = "$(TARGET_NAME)";
				SWIFT_EMIT_LOC_STRINGS = YES;
				SWIFT_VERSION = 5.0;
				TARGETED_DEVICE_FAMILY = "1,2";
			};
			name = Release;
		};
		57E22FB02A10574800DBA62C /* Debug */ = {
			isa = XCBuildConfiguration;
			buildSettings = {
				ALWAYS_EMBED_SWIFT_STANDARD_LIBRARIES = YES;
				BUNDLE_LOADER = "$(TEST_HOST)";
				CODE_SIGN_STYLE = Automatic;
				CURRENT_PROJECT_VERSION = 1;
				DEVELOPMENT_TEAM = 8266S8VZ6D;
				GENERATE_INFOPLIST_FILE = YES;
				IPHONEOS_DEPLOYMENT_TARGET = 16.4;
				MARKETING_VERSION = 1.0;
				PRODUCT_BUNDLE_IDENTIFIER = com.chuanyu.LandmarksTests;
				PRODUCT_NAME = "$(TARGET_NAME)";
				SWIFT_EMIT_LOC_STRINGS = NO;
				SWIFT_VERSION = 5.0;
				TARGETED_DEVICE_FAMILY = "1,2";
				TEST_HOST = "$(BUILT_PRODUCTS_DIR)/Landmarks.app/$(BUNDLE_EXECUTABLE_FOLDER_PATH)/Landmarks";
			};
			name = Debug;
		};
		57E22FB12A10574800DBA62C /* Release */ = {
			isa = XCBuildConfiguration;
			buildSettings = {
				ALWAYS_EMBED_SWIFT_STANDARD_LIBRARIES = YES;
				BUNDLE_LOADER = "$(TEST_HOST)";
				CODE_SIGN_STYLE = Automatic;
				CURRENT_PROJECT_VERSION = 1;
				DEVELOPMENT_TEAM = 8266S8VZ6D;
				GENERATE_INFOPLIST_FILE = YES;
				IPHONEOS_DEPLOYMENT_TARGET = 16.4;
				MARKETING_VERSION = 1.0;
				PRODUCT_BUNDLE_IDENTIFIER = com.chuanyu.LandmarksTests;
				PRODUCT_NAME = "$(TARGET_NAME)";
				SWIFT_EMIT_LOC_STRINGS = NO;
				SWIFT_VERSION = 5.0;
				TARGETED_DEVICE_FAMILY = "1,2";
				TEST_HOST = "$(BUILT_PRODUCTS_DIR)/Landmarks.app/$(BUNDLE_EXECUTABLE_FOLDER_PATH)/Landmarks";
			};
			name = Release;
		};
		57E22FB32A10574800DBA62C /* Debug */ = {
			isa = XCBuildConfiguration;
			buildSettings = {
				ALWAYS_EMBED_SWIFT_STANDARD_LIBRARIES = YES;
				CODE_SIGN_STYLE = Automatic;
				CURRENT_PROJECT_VERSION = 1;
				DEVELOPMENT_TEAM = 8266S8VZ6D;
				GENERATE_INFOPLIST_FILE = YES;
				MARKETING_VERSION = 1.0;
				PRODUCT_BUNDLE_IDENTIFIER = com.chuanyu.LandmarksUITests;
				PRODUCT_NAME = "$(TARGET_NAME)";
				SWIFT_EMIT_LOC_STRINGS = NO;
				SWIFT_VERSION = 5.0;
				TARGETED_DEVICE_FAMILY = "1,2";
				TEST_TARGET_NAME = Landmarks;
			};
			name = Debug;
		};
		57E22FB42A10574800DBA62C /* Release */ = {
			isa = XCBuildConfiguration;
			buildSettings = {
				ALWAYS_EMBED_SWIFT_STANDARD_LIBRARIES = YES;
				CODE_SIGN_STYLE = Automatic;
				CURRENT_PROJECT_VERSION = 1;
				DEVELOPMENT_TEAM = 8266S8VZ6D;
				GENERATE_INFOPLIST_FILE = YES;
				MARKETING_VERSION = 1.0;
				PRODUCT_BUNDLE_IDENTIFIER = com.chuanyu.LandmarksUITests;
				PRODUCT_NAME = "$(TARGET_NAME)";
				SWIFT_EMIT_LOC_STRINGS = NO;
				SWIFT_VERSION = 5.0;
				TARGETED_DEVICE_FAMILY = "1,2";
				TEST_TARGET_NAME = Landmarks;
			};
			name = Release;
		};
/* End XCBuildConfiguration section */

/* Begin XCConfigurationList section */
		57E22F832A10574700DBA62C /* Build configuration list for PBXProject "Landmarks" */ = {
			isa = XCConfigurationList;
			buildConfigurations = (
				57E22FAA2A10574800DBA62C /* Debug */,
				57E22FAB2A10574800DBA62C /* Release */,
			);
			defaultConfigurationIsVisible = 0;
			defaultConfigurationName = Release;
		};
		57E22FAC2A10574800DBA62C /* Build configuration list for PBXNativeTarget "Landmarks" */ = {
			isa = XCConfigurationList;
			buildConfigurations = (
				57E22FAD2A10574800DBA62C /* Debug */,
				57E22FAE2A10574800DBA62C /* Release */,
			);
			defaultConfigurationIsVisible = 0;
			defaultConfigurationName = Release;
		};
		57E22FAF2A10574800DBA62C /* Build configuration list for PBXNativeTarget "LandmarksTests" */ = {
			isa = XCConfigurationList;
			buildConfigurations = (
				57E22FB02A10574800DBA62C /* Debug */,
				57E22FB12A10574800DBA62C /* Release */,
			);
			defaultConfigurationIsVisible = 0;
			defaultConfigurationName = Release;
		};
		57E22FB22A10574800DBA62C /* Build configuration list for PBXNativeTarget "LandmarksUITests" */ = {
			isa = XCConfigurationList;
			buildConfigurations = (
				57E22FB32A10574800DBA62C /* Debug */,
				57E22FB42A10574800DBA62C /* Release */,
			);
			defaultConfigurationIsVisible = 0;
			defaultConfigurationName = Release;
		};
/* End XCConfigurationList section */
	};
	rootObject = 57E22F802A10574700DBA62C /* Project object */;
}
